PODS:
  - Alamofire (4.8.2)
  - Cacher (0.1.0)
  - ReachabilitySwift (4.3.1)
  - SwiftyJSON (5.0.0)

DEPENDENCIES:
  - Alamofire (~> 4.8.2)
  - Cacher (from `https://github.com/aashishtamsya/Cacher`, tag `0.1.0`)
  - ReachabilitySwift (~> 4.3.1)
  - SwiftyJSON (~> 5.0.0)

SPEC REPOS:
  https://github.com/cocoapods/specs.git:
    - Alamofire
    - ReachabilitySwift
    - SwiftyJSON

EXTERNAL SOURCES:
  Cacher:
    :git: https://github.com/aashishtamsya/Cacher
    :tag: 0.1.0

CHECKOUT OPTIONS:
  Cacher:
    :git: https://github.com/aashishtamsya/Cacher
    :tag: 0.1.0

SPEC CHECKSUMS:
  Alamofire: ae5c501addb7afdbb13687d7f2f722c78734c2d3
  Cacher: 4a6c8edbfcb7cf4f45de1df0b3521003a99f373a
  ReachabilitySwift: 4032e2f59586e11e3b0ebe15b167abdd587a388b
  SwiftyJSON: 36413e04c44ee145039d332b4f4e2d3e8d6c4db7

PODFILE CHECKSUM: 2ac151f2c0926c76a5b1cf731a7edc1c1b50cea3

COCOAPODS: 1.7.0
